
Microsoft Visual Studio Solution File, Format Version 12.00
# Visual Studio 15
VisualStudioVersion = 15.0.26730.8
MinimumVisualStudioVersion = 10.0.40219.1
Project("{8BC9CEB8-8B4A-11D0-8D11-00A0C91BC942}") = "RPG Map Editor", "RPG Map Editor\RPG Map Editor.vcxproj", "{2E6BF4CB-2C36-4328-A984-A509EEEFB2C4}"
EndProject
Global
	GlobalSection(SolutionConfigurationPlatforms) = preSolution
		Debug|x64 = Debug|x64
		Debug|x86 = Debug|x86
		Release|x64 = Release|x64
		Release|x86 = Release|x86
	EndGlobalSection
	GlobalSection(ProjectConfigurationPlatforms) = postSolution
		{2E6BF4CB-2C36-4328-A984-A509EEEFB2C4}.Debug|x64.ActiveCfg = Debug|x64
		{2E6BF4CB-2C36-4328-A984-A509EEEFB2C4}.Debug|x64.Build.0 = Debug|x64
		{2E6BF4CB-2C36-4328-A984-A509EEEFB2C4}.Debug|x86.ActiveCfg = Debug|Win32
		{2E6BF4CB-2C36-4328-A984-A509EEEFB2C4}.Debug|x86.Build.0 = Debug|Win32
		{2E6BF4CB-2C36-4328-A984-A509EEEFB2C4}.Release|x64.ActiveCfg = Release|x64
		{2E6BF4CB-2C36-4328-A984-A509EEEFB2C4}.Release|x64.Build.0 = Release|x64
		{2E6BF4CB-2C36-4328-A984-A509EEEFB2C4}.Release|x86.ActiveCfg = Release|Win32
		{2E6BF4CB-2C36-4328-A984-A509EEEFB2C4}.Release|x86.Build.0 = Release|Win32
	EndGlobalSection
	GlobalSection(SolutionProperties) = preSolution
		HideSolutionNode = FALSE
	EndGlobalSection
	GlobalSection(ExtensibilityGlobals) = postSolution
		SolutionGuid = {E73D4AB3-FA39-4656-BDC3-1A7241F8C88D}
	EndGlobalSection
EndGlobal
